# This file is automatically @generated by Cargo.
# It is not intended for manual editing.
version = 4

[[package]]
name = "tapeloop-bootloader"
version = "0.1.0"

[[package]]
name = "tapeloop-drivers"
version = "0.1.0"

[[package]]
name = "tapeloop-firmware"
version = "0.1.0"

[[package]]
name = "tapeloop-lib"
version = "0.1.0"

[[package]]
name = "tapeloop-tools"
version = "0.1.0"

[[package]]
name = "tapeloop-utils"
version = "0.1.0"
